{
  "name": "dd-cache-proxy",
  "version": "2.1.1",
  "lockfileVersion": 3,
  "requires": true,
  "packages": {
    "": {
      "name": "dd-cache-proxy",
      "version": "2.1.1",
      "license": "ISC",
      "devDependencies": {
        "typescript": "^5.4.5"
      },
      "peerDependencies": {
        "@discordeno/bot": "19.0.0-next.d69e537"
      }
    },
    "node_modules/@discordeno/bot": {
      "version": "19.0.0-next.d69e537",
      "resolved": "https://registry.npmjs.org/@discordeno/bot/-/bot-19.0.0-next.d69e537.tgz",
      "integrity": "sha512-ERi7jm6RZ7WeJAvOvnvnr7Ha9chuk7hE4wcqmsm32VNJSE25RkIebzOkbUJHlli3i//kx+/Xg7pBM0owQ+VenQ==",
      "peer": true,
      "dependencies": {
        "@discordeno/gateway": "19.0.0-next.d69e537",
        "@discordeno/rest": "19.0.0-next.d69e537",
        "@discordeno/types": "19.0.0-next.d69e537",
        "@discordeno/utils": "19.0.0-next.d69e537"
      }
    },
    "node_modules/@discordeno/gateway": {
      "version": "19.0.0-next.d69e537",
      "resolved": "https://registry.npmjs.org/@discordeno/gateway/-/gateway-19.0.0-next.d69e537.tgz",
      "integrity": "sha512-pvmt+fNj3kJCDrkxDznRQ32VdBkIrcwogvUMcDJdYMHxYPfj5+eX6dvfxFJg2136Qf9ngwC+F1l1En5rL5rwhw==",
      "peer": true,
      "dependencies": {
        "@discordeno/types": "19.0.0-next.d69e537",
        "@discordeno/utils": "19.0.0-next.d69e537",
        "ws": "^8.16.0"
      }
    },
    "node_modules/@discordeno/rest": {
      "version": "19.0.0-next.d69e537",
      "resolved": "https://registry.npmjs.org/@discordeno/rest/-/rest-19.0.0-next.d69e537.tgz",
      "integrity": "sha512-+XD/AoHigs6Hl9/ECyoY2ueqqD2GbS0MBCmGLwkTXfTBrlWJN/0mpUbw9btdbWSa2cgE+KOASxyTV9LGyuPN9w==",
      "peer": true,
      "dependencies": {
        "@discordeno/types": "19.0.0-next.d69e537",
        "@discordeno/utils": "19.0.0-next.d69e537",
        "dotenv": "^16.4.5"
      }
    },
    "node_modules/@discordeno/types": {
      "version": "19.0.0-next.d69e537",
      "resolved": "https://registry.npmjs.org/@discordeno/types/-/types-19.0.0-next.d69e537.tgz",
      "integrity": "sha512-8uOn5FUy40rjD+E1VLlOG7zrYexzeQIgMVUz88HqBakwdf6QsJ8XG3IjCWZlPlgCEz7//tgtPI25+Zh1ybTkqg==",
      "peer": true
    },
    "node_modules/@discordeno/utils": {
      "version": "19.0.0-next.d69e537",
      "resolved": "https://registry.npmjs.org/@discordeno/utils/-/utils-19.0.0-next.d69e537.tgz",
      "integrity": "sha512-Te0D30nU2d5UEo3pmrRPiMKyts7VxdclgPki6YDxP3+OKlJbU3M22J7VjZbe0meh+Y6A5ypwwS4gx0AbTAsQaQ==",
      "peer": true,
      "dependencies": {
        "@discordeno/types": "19.0.0-next.d69e537",
        "tweetnacl": "^1.0.3"
      }
    },
    "node_modules/dotenv": {
      "version": "16.4.5",
      "resolved": "https://registry.npmjs.org/dotenv/-/dotenv-16.4.5.tgz",
      "integrity": "sha512-ZmdL2rui+eB2YwhsWzjInR8LldtZHGDoQ1ugH85ppHKwpUHL7j7rN0Ti9NCnGiQbhaZ11FpR+7ao1dNsmduNUg==",
      "peer": true,
      "engines": {
        "node": ">=12"
      },
      "funding": {
        "url": "https://dotenvx.com"
      }
    },
    "node_modules/tweetnacl": {
      "version": "1.0.3",
      "resolved": "https://registry.npmjs.org/tweetnacl/-/tweetnacl-1.0.3.tgz",
      "integrity": "sha512-6rt+RN7aOi1nGMyC4Xa5DdYiukl2UWCbcJft7YhxReBGQD7OAM8Pbxw6YMo4r2diNEA8FEmu32YOn9rhaiE5yw==",
      "peer": true
    },
    "node_modules/typescript": {
      "version": "5.4.5",
      "resolved": "https://registry.npmjs.org/typescript/-/typescript-5.4.5.tgz",
      "integrity": "sha512-vcI4UpRgg81oIRUFwR0WSIHKt11nJ7SAVlYNIu+QpqeyXP+gpQJy/Z4+F0aGxSE4MqwjyXvW/TzgkLAx2AGHwQ==",
      "dev": true,
      "bin": {
        "tsc": "bin/tsc",
        "tsserver": "bin/tsserver"
      },
      "engines": {
        "node": ">=14.17"
      }
    },
    "node_modules/ws": {
      "version": "8.17.0",
      "resolved": "https://registry.npmjs.org/ws/-/ws-8.17.0.tgz",
      "integrity": "sha512-uJq6108EgZMAl20KagGkzCKfMEjxmKvZHG7Tlq0Z6nOky7YF7aq4mOx6xK8TJ/i1LeK4Qus7INktacctDgY8Ow==",
      "peer": true,
      "engines": {
        "node": ">=10.0.0"
      },
      "peerDependencies": {
        "bufferutil": "^4.0.1",
        "utf-8-validate": ">=5.0.2"
      },
      "peerDependenciesMeta": {
        "bufferutil": {
          "optional": true
        },
        "utf-8-validate": {
          "optional": true
        }
      }
    }
  }
}
