{
  "name": "dd-cache-proxy",
  "version": "2.1.2",
  "lockfileVersion": 3,
  "requires": true,
  "packages": {
    "": {
      "name": "dd-cache-proxy",
      "version": "2.1.2",
      "license": "ISC",
      "devDependencies": {
        "typescript": "^5.4.5"
      },
      "peerDependencies": {
        "@discordeno/bot": "^19.0.0-next.352887c"
      }
    },
    "node_modules/@discordeno/bot": {
      "version": "19.0.0-next.352887c",
      "resolved": "https://registry.npmjs.org/@discordeno/bot/-/bot-19.0.0-next.352887c.tgz",
      "integrity": "sha512-g1OK/BsUnVMeXdm1pjHObMjL29TW/C1/gsJkyyiRzN+Q2g18oUy/1egWtGk0ufVbSJmFlYQOIAQYnZBinTdtqA==",
      "peer": true,
      "dependencies": {
        "@discordeno/gateway": "19.0.0-next.352887c",
        "@discordeno/rest": "19.0.0-next.352887c",
        "@discordeno/types": "19.0.0-next.352887c",
        "@discordeno/utils": "19.0.0-next.352887c"
      }
    },
    "node_modules/@discordeno/gateway": {
      "version": "19.0.0-next.352887c",
      "resolved": "https://registry.npmjs.org/@discordeno/gateway/-/gateway-19.0.0-next.352887c.tgz",
      "integrity": "sha512-vuT8Ur6L6ggdtZeLfKMkpTzAB0RuzynehToyreSIlgSIzDJmS0E5aHPJCPZruvfCVkK8ty70LFiDMasyv1SKSg==",
      "peer": true,
      "dependencies": {
        "@discordeno/types": "19.0.0-next.352887c",
        "@discordeno/utils": "19.0.0-next.352887c",
        "ws": "^8.18.0"
      }
    },
    "node_modules/@discordeno/rest": {
      "version": "19.0.0-next.352887c",
      "resolved": "https://registry.npmjs.org/@discordeno/rest/-/rest-19.0.0-next.352887c.tgz",
      "integrity": "sha512-HuNc6edprc8H8+uiloB72FPNigTwhz6dvE/TMN9/i5mbYO0VlD7Dz88Ish55UgEucSvXdsqNkQYOcGrk1zmeyw==",
      "peer": true,
      "dependencies": {
        "@discordeno/types": "19.0.0-next.352887c",
        "@discordeno/utils": "19.0.0-next.352887c"
      }
    },
    "node_modules/@discordeno/types": {
      "version": "19.0.0-next.352887c",
      "resolved": "https://registry.npmjs.org/@discordeno/types/-/types-19.0.0-next.352887c.tgz",
      "integrity": "sha512-L5S6gxgs47PIxfj1ue7auvIWRY09ZY1lFA7mj5o7+fJjHlY2yuUOfqce3pzhTrOc71o2jp/VcsNDCBWrUmXIwA==",
      "peer": true
    },
    "node_modules/@discordeno/utils": {
      "version": "19.0.0-next.352887c",
      "resolved": "https://registry.npmjs.org/@discordeno/utils/-/utils-19.0.0-next.352887c.tgz",
      "integrity": "sha512-2cWaOdLoF4S00unPaU9rvO3iuGi6KS/x4X6Mkc8oVKXIltYv3eyZ/tkP/u+/6kGhlrsYLSKysvxD0JnHymLdBQ==",
      "peer": true,
      "dependencies": {
        "@discordeno/types": "19.0.0-next.352887c"
      }
    },
    "node_modules/typescript": {
      "version": "5.4.5",
      "resolved": "https://registry.npmjs.org/typescript/-/typescript-5.4.5.tgz",
      "integrity": "sha512-vcI4UpRgg81oIRUFwR0WSIHKt11nJ7SAVlYNIu+QpqeyXP+gpQJy/Z4+F0aGxSE4MqwjyXvW/TzgkLAx2AGHwQ==",
      "dev": true,
      "bin": {
        "tsc": "bin/tsc",
        "tsserver": "bin/tsserver"
      },
      "engines": {
        "node": ">=14.17"
      }
    },
    "node_modules/ws": {
      "version": "8.18.0",
      "resolved": "https://registry.npmjs.org/ws/-/ws-8.18.0.tgz",
      "integrity": "sha512-8VbfWfHLbbwu3+N6OKsOMpBdT4kXPDDB9cJk2bJ6mh9ucxdlnNvH1e+roYkKmN9Nxw2yjz7VzeO9oOz2zJ04Pw==",
      "peer": true,
      "engines": {
        "node": ">=10.0.0"
      },
      "peerDependencies": {
        "bufferutil": "^4.0.1",
        "utf-8-validate": ">=5.0.2"
      },
      "peerDependenciesMeta": {
        "bufferutil": {
          "optional": true
        },
        "utf-8-validate": {
          "optional": true
        }
      }
    }
  }
}
