{
  "name": "dd-cache-proxy",
  "version": "2.3.0",
  "lockfileVersion": 3,
  "requires": true,
  "packages": {
    "": {
      "name": "dd-cache-proxy",
      "version": "2.3.0",
      "license": "ISC",
      "devDependencies": {
        "typescript": "^5.6.3"
      },
      "peerDependencies": {
        "@discordeno/bot": "19.0.0-next.b85c6d5"
      }
    },
    "node_modules/@discordeno/bot": {
      "version": "19.0.0-next.b85c6d5",
      "resolved": "https://registry.npmjs.org/@discordeno/bot/-/bot-19.0.0-next.b85c6d5.tgz",
      "integrity": "sha512-Ve/gN2bzVW9uB8f4qylmt6a6ND8hJ5F6H0pokqjCUQ5Fr8VZHmxfaBKAxhZSArTbQ8viJ1aOEDr/GMwCOoWkmA==",
      "peer": true,
      "dependencies": {
        "@discordeno/gateway": "19.0.0-next.b85c6d5",
        "@discordeno/rest": "19.0.0-next.b85c6d5",
        "@discordeno/types": "19.0.0-next.b85c6d5",
        "@discordeno/utils": "19.0.0-next.b85c6d5"
      }
    },
    "node_modules/@discordeno/gateway": {
      "version": "19.0.0-next.b85c6d5",
      "resolved": "https://registry.npmjs.org/@discordeno/gateway/-/gateway-19.0.0-next.b85c6d5.tgz",
      "integrity": "sha512-WTYzI+Qn7SakR+nQ31rR+QqBdbkQD/sUfwOziAWKw7+DpJZ3bSjZeN1HD0vvJLJF3zH9m3yrczSHBbtp6s3THg==",
      "peer": true,
      "dependencies": {
        "@discordeno/types": "19.0.0-next.b85c6d5",
        "@discordeno/utils": "19.0.0-next.b85c6d5",
        "ws": "^8.18.0"
      },
      "optionalDependencies": {
        "fzstd": "^0.1.1"
      }
    },
    "node_modules/@discordeno/rest": {
      "version": "19.0.0-next.b85c6d5",
      "resolved": "https://registry.npmjs.org/@discordeno/rest/-/rest-19.0.0-next.b85c6d5.tgz",
      "integrity": "sha512-oVts6lClkDkr0qLFr4fmF4osRrzpwGPJqPOm7gNINxvKp+jL4u+UOSwl5QJKvOElTcrf/3exQ75BvHJK0vOx6A==",
      "peer": true,
      "dependencies": {
        "@discordeno/types": "19.0.0-next.b85c6d5",
        "@discordeno/utils": "19.0.0-next.b85c6d5"
      }
    },
    "node_modules/@discordeno/types": {
      "version": "19.0.0-next.b85c6d5",
      "resolved": "https://registry.npmjs.org/@discordeno/types/-/types-19.0.0-next.b85c6d5.tgz",
      "integrity": "sha512-RMSNZyszB34mzT9MjUjUXHET3ZUCRVj29kH+RVPxURjjXVctRqurtlpODo6xtItMOWP5R/2KOP61z05ijOSNyw==",
      "peer": true
    },
    "node_modules/@discordeno/utils": {
      "version": "19.0.0-next.b85c6d5",
      "resolved": "https://registry.npmjs.org/@discordeno/utils/-/utils-19.0.0-next.b85c6d5.tgz",
      "integrity": "sha512-i+FCVdYq99CeJWpfZU9YDMfI9BOxsVgZ3eGKXK+gMQaiY9byXVltQkYQymQnuufo35VnpXOWgjz5/b5blJ8Dhg==",
      "peer": true,
      "dependencies": {
        "@discordeno/types": "19.0.0-next.b85c6d5"
      }
    },
    "node_modules/fzstd": {
      "version": "0.1.1",
      "resolved": "https://registry.npmjs.org/fzstd/-/fzstd-0.1.1.tgz",
      "integrity": "sha512-dkuVSOKKwh3eas5VkJy1AW1vFpet8TA/fGmVA5krThl8YcOVE/8ZIoEA1+U1vEn5ckxxhLirSdY837azmbaNHA==",
      "optional": true,
      "peer": true
    },
    "node_modules/typescript": {
      "version": "5.6.3",
      "resolved": "https://registry.npmjs.org/typescript/-/typescript-5.6.3.tgz",
      "integrity": "sha512-hjcS1mhfuyi4WW8IWtjP7brDrG2cuDZukyrYrSauoXGNgx0S7zceP07adYkJycEr56BOUTNPzbInooiN3fn1qw==",
      "dev": true,
      "bin": {
        "tsc": "bin/tsc",
        "tsserver": "bin/tsserver"
      },
      "engines": {
        "node": ">=14.17"
      }
    },
    "node_modules/ws": {
      "version": "8.18.0",
      "resolved": "https://registry.npmjs.org/ws/-/ws-8.18.0.tgz",
      "integrity": "sha512-8VbfWfHLbbwu3+N6OKsOMpBdT4kXPDDB9cJk2bJ6mh9ucxdlnNvH1e+roYkKmN9Nxw2yjz7VzeO9oOz2zJ04Pw==",
      "peer": true,
      "engines": {
        "node": ">=10.0.0"
      },
      "peerDependencies": {
        "bufferutil": "^4.0.1",
        "utf-8-validate": ">=5.0.2"
      },
      "peerDependenciesMeta": {
        "bufferutil": {
          "optional": true
        },
        "utf-8-validate": {
          "optional": true
        }
      }
    }
  }
}
