lockfileVersion: '6.0'

settings:
  autoInstallPeers: true
  excludeLinksFromLockfile: false

dependencies:
  '@discordeno/bot':
    specifier: 19.0.0-next.1e8edb9
    version: 19.0.0-next.1e8edb9
  '@discordeno/utils':
    specifier: 19.0.0-next.1e8edb9
    version: 19.0.0-next.1e8edb9
  typescript:
    specifier: ^4.8.4
    version: 4.9.5

packages:

  /@discordeno/bot@19.0.0-next.1e8edb9:
    resolution: {integrity: sha512-ROX9Sn1aI0Uyr3YWXcp3++TH1pMVJSmYqMupu9r7Axwkxy6d0yT01MJ4FKIZ0+tRZm3tmWcA2l6otoELEmsvgg==}
    dependencies:
      '@discordeno/gateway': 19.0.0-next.1e8edb9
      '@discordeno/rest': 19.0.0-next.1e8edb9
      '@discordeno/types': 19.0.0-next.1e8edb9
      '@discordeno/utils': 19.0.0-next.1e8edb9
    transitivePeerDependencies:
      - bufferutil
      - utf-8-validate
    dev: false

  /@discordeno/gateway@19.0.0-next.1e8edb9:
    resolution: {integrity: sha512-96IJEuZ5F874FS4g7ZDpAv6jEFzu66eq5Wegp6/M5FkKODfduE/Z8yDHJUDxksOeGnqsmjjb1NMbS5+ls8kU2Q==}
    dependencies:
      '@discordeno/types': 19.0.0-next.1e8edb9
      '@discordeno/utils': 19.0.0-next.1e8edb9
      ws: 8.13.0
    transitivePeerDependencies:
      - bufferutil
      - utf-8-validate
    dev: false

  /@discordeno/rest@19.0.0-next.1e8edb9:
    resolution: {integrity: sha512-/q6jbrrhlCEw/5Pn41h/Qo7wNbyMUWXWVH0OxQRiCn0ZOd4Moib2lvb6evN9omXn3muZ3+Zh7vTvSq8KjoTpgw==}
    dependencies:
      '@discordeno/types': 19.0.0-next.1e8edb9
      '@discordeno/utils': 19.0.0-next.1e8edb9
      dotenv: 16.3.1
    dev: false

  /@discordeno/types@19.0.0-next.1e8edb9:
    resolution: {integrity: sha512-Nkzoy1hzVdYQEZsGhwwBIsU9qsBmi4JyJX/bdSWPgl9cYVfze8Iy9GMxk2GHLwatxdnlRZbmyvoeDdjrxQzBPA==}
    dev: false

  /@discordeno/utils@19.0.0-next.1e8edb9:
    resolution: {integrity: sha512-U0im9SNXyIeCykLCsnuXgEWEnVrGwCRHCcDXKl3pDFzzDb+FepykZyNZTqx/KQ2maRYGFybQAZVkfox0ortY6g==}
    dependencies:
      '@discordeno/types': 19.0.0-next.1e8edb9
      tweetnacl: 1.0.3
    dev: false

  /dotenv@16.3.1:
    resolution: {integrity: sha512-IPzF4w4/Rd94bA9imS68tZBaYyBWSCE47V1RGuMrB94iyTOIEwRmVL2x/4An+6mETpLrKJ5hQkB8W4kFAadeIQ==}
    engines: {node: '>=12'}
    dev: false

  /tweetnacl@1.0.3:
    resolution: {integrity: sha512-6rt+RN7aOi1nGMyC4Xa5DdYiukl2UWCbcJft7YhxReBGQD7OAM8Pbxw6YMo4r2diNEA8FEmu32YOn9rhaiE5yw==}
    dev: false

  /typescript@4.9.5:
    resolution: {integrity: sha512-1FXk9E2Hm+QzZQ7z+McJiHL4NW1F2EzMu9Nq9i3zAaGqibafqYwCVU6WyWAuyQRRzOlxou8xZSyXLEN8oKj24g==}
    engines: {node: '>=4.2.0'}
    hasBin: true
    dev: false

  /ws@8.13.0:
    resolution: {integrity: sha512-x9vcZYTrFPC7aSIbj7sRCYo7L/Xb8Iy+pW0ng0wt2vCJv7M9HOMy0UoN3rr+IFC7hb7vXoqS+P9ktyLLLhO+LA==}
    engines: {node: '>=10.0.0'}
    peerDependencies:
      bufferutil: ^4.0.1
      utf-8-validate: '>=5.0.2'
    peerDependenciesMeta:
      bufferutil:
        optional: true
      utf-8-validate:
        optional: true
    dev: false
